
Microsoft Visual Studio Solution File, Format Version 12.00
# Visual Studio Version 17
VisualStudioVersion = 17.2.32526.322
MinimumVisualStudioVersion = 10.0.40219.1
Project("{9A19103F-16F7-4668-BE54-9A1E7A4F7556}") = "GUI", "GUI\GUI.csproj", "{0EE929B9-508C-4D56-86A2-3B96A30F24B6}"
EndProject
Project("{9A19103F-16F7-4668-BE54-9A1E7A4F7556}") = "DAO", "DAO\DAO.csproj", "{F7F40D52-25BC-4BAA-B318-57FACBC0E2C0}"
EndProject
Project("{9A19103F-16F7-4668-BE54-9A1E7A4F7556}") = "BUS", "BUS\BUS.csproj", "{86D3AD6E-FA1D-4DEC-8304-B1E3A2F9F078}"
EndProject
Project("{9A19103F-16F7-4668-BE54-9A1E7A4F7556}") = "Models", "Models\Models.csproj", "{CE59B288-3B5D-4762-9E69-20C8E1A875B9}"
EndProject
Project("{FAE04EC0-301F-11D3-BF4B-00C04F79EFBC}") = "DTO", "DTO\DTO.csproj", "{41C69A98-6D91-4697-B8D5-D6EA4AD9D35C}"
EndProject
Global
	GlobalSection(SolutionConfigurationPlatforms) = preSolution
		Debug|Any CPU = Debug|Any CPU
		Release|Any CPU = Release|Any CPU
	EndGlobalSection
	GlobalSection(ProjectConfigurationPlatforms) = postSolution
		{0EE929B9-508C-4D56-86A2-3B96A30F24B6}.Debug|Any CPU.ActiveCfg = Debug|Any CPU
		{0EE929B9-508C-4D56-86A2-3B96A30F24B6}.Debug|Any CPU.Build.0 = Debug|Any CPU
		{0EE929B9-508C-4D56-86A2-3B96A30F24B6}.Release|Any CPU.ActiveCfg = Release|Any CPU
		{0EE929B9-508C-4D56-86A2-3B96A30F24B6}.Release|Any CPU.Build.0 = Release|Any CPU
		{F7F40D52-25BC-4BAA-B318-57FACBC0E2C0}.Debug|Any CPU.ActiveCfg = Debug|Any CPU
		{F7F40D52-25BC-4BAA-B318-57FACBC0E2C0}.Debug|Any CPU.Build.0 = Debug|Any CPU
		{F7F40D52-25BC-4BAA-B318-57FACBC0E2C0}.Release|Any CPU.ActiveCfg = Release|Any CPU
		{F7F40D52-25BC-4BAA-B318-57FACBC0E2C0}.Release|Any CPU.Build.0 = Release|Any CPU
		{86D3AD6E-FA1D-4DEC-8304-B1E3A2F9F078}.Debug|Any CPU.ActiveCfg = Debug|Any CPU
		{86D3AD6E-FA1D-4DEC-8304-B1E3A2F9F078}.Debug|Any CPU.Build.0 = Debug|Any CPU
		{86D3AD6E-FA1D-4DEC-8304-B1E3A2F9F078}.Release|Any CPU.ActiveCfg = Release|Any CPU
		{86D3AD6E-FA1D-4DEC-8304-B1E3A2F9F078}.Release|Any CPU.Build.0 = Release|Any CPU
		{CE59B288-3B5D-4762-9E69-20C8E1A875B9}.Debug|Any CPU.ActiveCfg = Debug|Any CPU
		{CE59B288-3B5D-4762-9E69-20C8E1A875B9}.Debug|Any CPU.Build.0 = Debug|Any CPU
		{CE59B288-3B5D-4762-9E69-20C8E1A875B9}.Release|Any CPU.ActiveCfg = Release|Any CPU
		{CE59B288-3B5D-4762-9E69-20C8E1A875B9}.Release|Any CPU.Build.0 = Release|Any CPU
		{41C69A98-6D91-4697-B8D5-D6EA4AD9D35C}.Debug|Any CPU.ActiveCfg = Debug|Any CPU
		{41C69A98-6D91-4697-B8D5-D6EA4AD9D35C}.Debug|Any CPU.Build.0 = Debug|Any CPU
		{41C69A98-6D91-4697-B8D5-D6EA4AD9D35C}.Release|Any CPU.ActiveCfg = Release|Any CPU
		{41C69A98-6D91-4697-B8D5-D6EA4AD9D35C}.Release|Any CPU.Build.0 = Release|Any CPU
	EndGlobalSection
	GlobalSection(SolutionProperties) = preSolution
		HideSolutionNode = FALSE
	EndGlobalSection
	GlobalSection(ExtensibilityGlobals) = postSolution
		SolutionGuid = {BE5EC4BC-66EF-4486-8F5A-A2169C9314E8}
	EndGlobalSection
EndGlobal
